// !$*UTF8*$!
{
	archiveVersion = 1;
	classes = {
	};
	objectVersion = 50;
	objects = {

/* Begin PBXBuildFile section */
		822FEDDD23DBF51F005B8B8A /* RandomViewController.swift in Sources */ = {isa = PBXBuildFile; fileRef = 822FEDDC23DBF51F005B8B8A /* RandomViewController.swift */; };
		822FEDDF23DBF6B5005B8B8A /* RandomDetailViewController.swift in Sources */ = {isa = PBXBuildFile; fileRef = 822FEDDE23DBF6B5005B8B8A /* RandomDetailViewController.swift */; };
		822FEDE123DBF6F2005B8B8A /* FoodViewController.swift in Sources */ = {isa = PBXBuildFile; fileRef = 822FEDE023DBF6F2005B8B8A /* FoodViewController.swift */; };
		822FEDE323DBF714005B8B8A /* FoodDetailViewController.swift in Sources */ = {isa = PBXBuildFile; fileRef = 822FEDE223DBF714005B8B8A /* FoodDetailViewController.swift */; };
		824ADE3B23DB26CB00647213 /* AppDelegate.swift in Sources */ = {isa = PBXBuildFile; fileRef = 824ADE3A23DB26CB00647213 /* AppDelegate.swift */; };
		824ADE3D23DB26CB00647213 /* SceneDelegate.swift in Sources */ = {isa = PBXBuildFile; fileRef = 824ADE3C23DB26CB00647213 /* SceneDelegate.swift */; };
		824ADE3F23DB26CB00647213 /* ViewController.swift in Sources */ = {isa = PBXBuildFile; fileRef = 824ADE3E23DB26CB00647213 /* ViewController.swift */; };
		824ADE4223DB26CB00647213 /* Main.storyboard in Resources */ = {isa = PBXBuildFile; fileRef = 824ADE4023DB26CB00647213 /* Main.storyboard */; };
		824ADE4423DB26CE00647213 /* Assets.xcassets in Resources */ = {isa = PBXBuildFile; fileRef = 824ADE4323DB26CE00647213 /* Assets.xcassets */; };
		824ADE4723DB26CE00647213 /* LaunchScreen.storyboard in Resources */ = {isa = PBXBuildFile; fileRef = 824ADE4523DB26CE00647213 /* LaunchScreen.storyboard */; };
/* End PBXBuildFile section */

/* Begin PBXFileReference section */
		822FEDDC23DBF51F005B8B8A /* RandomViewController.swift */ = {isa = PBXFileReference; lastKnownFileType = sourcecode.swift; path = RandomViewController.swift; sourceTree = "<group>"; };
		822FEDDE23DBF6B5005B8B8A /* RandomDetailViewController.swift */ = {isa = PBXFileReference; lastKnownFileType = sourcecode.swift; path = RandomDetailViewController.swift; sourceTree = "<group>"; };
		822FEDE023DBF6F2005B8B8A /* FoodViewController.swift */ = {isa = PBXFileReference; lastKnownFileType = sourcecode.swift; path = FoodViewController.swift; sourceTree = "<group>"; };
		822FEDE223DBF714005B8B8A /* FoodDetailViewController.swift */ = {isa = PBXFileReference; lastKnownFileType = sourcecode.swift; path = FoodDetailViewController.swift; sourceTree = "<group>"; };
		824ADE3723DB26CB00647213 /* RandomProject.app */ = {isa = PBXFileReference; explicitFileType = wrapper.application; includeInIndex = 0; path = RandomProject.app; sourceTree = BUILT_PRODUCTS_DIR; };
		824ADE3A23DB26CB00647213 /* AppDelegate.swift */ = {isa = PBXFileReference; lastKnownFileType = sourcecode.swift; path = AppDelegate.swift; sourceTree = "<group>"; };
		824ADE3C23DB26CB00647213 /* SceneDelegate.swift */ = {isa = PBXFileReference; lastKnownFileType = sourcecode.swift; path = SceneDelegate.swift; sourceTree = "<group>"; };
		824ADE3E23DB26CB00647213 /* ViewController.swift */ = {isa = PBXFileReference; lastKnownFileType = sourcecode.swift; path = ViewController.swift; sourceTree = "<group>"; };
		824ADE4123DB26CB00647213 /* Base */ = {isa = PBXFileReference; lastKnownFileType = file.storyboard; name = Base; path = Base.lproj/Main.storyboard; sourceTree = "<group>"; };
		824ADE4323DB26CE00647213 /* Assets.xcassets */ = {isa = PBXFileReference; lastKnownFileType = folder.assetcatalog; path = Assets.xcassets; sourceTree = "<group>"; };
		824ADE4623DB26CE00647213 /* Base */ = {isa = PBXFileReference; lastKnownFileType = file.storyboard; name = Base; path = Base.lproj/LaunchScreen.storyboard; sourceTree = "<group>"; };
		824ADE4823DB26CE00647213 /* Info.plist */ = {isa = PBXFileReference; lastKnownFileType = text.plist.xml; path = Info.plist; sourceTree = "<group>"; };
/* End PBXFileReference section */

/* Begin PBXFrameworksBuildPhase section */
		824ADE3423DB26CB00647213 /* Frameworks */ = {
			isa = PBXFrameworksBuildPhase;
			buildActionMask = 2147483647;
			files = (
			);
			runOnlyForDeploymentPostprocessing = 0;
		};
/* End PBXFrameworksBuildPhase section */

/* Begin PBXGroup section */
		824ADE2E23DB26CB00647213 = {
			isa = PBXGroup;
			children = (
				824ADE3923DB26CB00647213 /* RandomProject */,
				824ADE3823DB26CB00647213 /* Products */,
			);
			sourceTree = "<group>";
		};
		824ADE3823DB26CB00647213 /* Products */ = {
			isa = PBXGroup;
			children = (
				824ADE3723DB26CB00647213 /* RandomProject.app */,
			);
			name = Products;
			sourceTree = "<group>";
		};
		824ADE3923DB26CB00647213 /* RandomProject */ = {
			isa = PBXGroup;
			children = (
				824ADE3A23DB26CB00647213 /* AppDelegate.swift */,
				824ADE3C23DB26CB00647213 /* SceneDelegate.swift */,
				824ADE3E23DB26CB00647213 /* ViewController.swift */,
				824ADE4023DB26CB00647213 /* Main.storyboard */,
				822FEDE223DBF714005B8B8A /* FoodDetailViewController.swift */,
				822FEDE023DBF6F2005B8B8A /* FoodViewController.swift */,
				822FEDDE23DBF6B5005B8B8A /* RandomDetailViewController.swift */,
				822FEDDC23DBF51F005B8B8A /* RandomViewController.swift */,
				824ADE4323DB26CE00647213 /* Assets.xcassets */,
				824ADE4523DB26CE00647213 /* LaunchScreen.storyboard */,
				824ADE4823DB26CE00647213 /* Info.plist */,
			);
			path = RandomProject;
			sourceTree = "<group>";
		};
/* End PBXGroup section */

/* Begin PBXNativeTarget section */
		824ADE3623DB26CB00647213 /* RandomProject */ = {
			isa = PBXNativeTarget;
			buildConfigurationList = 824ADE4B23DB26CE00647213 /* Build configuration list for PBXNativeTarget "RandomProject" */;
			buildPhases = (
				824ADE3323DB26CB00647213 /* Sources */,
				824ADE3423DB26CB00647213 /* Frameworks */,
				824ADE3523DB26CB00647213 /* Resources */,
			);
			buildRules = (
			);
			dependencies = (
			);
			name = RandomProject;
			productName = RandomProject;
			productReference = 824ADE3723DB26CB00647213 /* RandomProject.app */;
			productType = "com.apple.product-type.application";
		};
/* End PBXNativeTarget section */

/* Begin PBXProject section */
		824ADE2F23DB26CB00647213 /* Project object */ = {
			isa = PBXProject;
			attributes = {
				LastSwiftUpdateCheck = 1130;
				LastUpgradeCheck = 1130;
				ORGANIZATIONNAME = Jungwon;
				TargetAttributes = {
					824ADE3623DB26CB00647213 = {
						CreatedOnToolsVersion = 11.3.1;
					};
				};
			};
			buildConfigurationList = 824ADE3223DB26CB00647213 /* Build configuration list for PBXProject "RandomProject" */;
			compatibilityVersion = "Xcode 9.3";
			developmentRegion = en;
			hasScannedForEncodings = 0;
			knownRegions = (
				en,
				Base,
			);
			mainGroup = 824ADE2E23DB26CB00647213;
			productRefGroup = 824ADE3823DB26CB00647213 /* Products */;
			projectDirPath = "";
			projectRoot = "";
			targets = (
				824ADE3623DB26CB00647213 /* RandomProject */,
			);
		};
/* End PBXProject section */

/* Begin PBXResourcesBuildPhase section */
		824ADE3523DB26CB00647213 /* Resources */ = {
			isa = PBXResourcesBuildPhase;
			buildActionMask = 2147483647;
			files = (
				824ADE4723DB26CE00647213 /* LaunchScreen.storyboard in Resources */,
				824ADE4423DB26CE00647213 /* Assets.xcassets in Resources */,
				824ADE4223DB26CB00647213 /* Main.storyboard in Resources */,
			);
			runOnlyForDeploymentPostprocessing = 0;
		};
/* End PBXResourcesBuildPhase section */

/* Begin PBXSourcesBuildPhase section */
		824ADE3323DB26CB00647213 /* Sources */ = {
			isa = PBXSourcesBuildPhase;
			buildActionMask = 2147483647;
			files = (
				824ADE3F23DB26CB00647213 /* ViewController.swift in Sources */,
				822FEDE323DBF714005B8B8A /* FoodDetailViewController.swift in Sources */,
				822FEDDD23DBF51F005B8B8A /* RandomViewController.swift in Sources */,
				824ADE3B23DB26CB00647213 /* AppDelegate.swift in Sources */,
				824ADE3D23DB26CB00647213 /* SceneDelegate.swift in Sources */,
				822FEDE123DBF6F2005B8B8A /* FoodViewController.swift in Sources */,
				822FEDDF23DBF6B5005B8B8A /* RandomDetailViewController.swift in Sources */,
			);
			runOnlyForDeploymentPostprocessing = 0;
		};
/* End PBXSourcesBuildPhase section */

/* Begin PBXVariantGroup section */
		824ADE4023DB26CB00647213 /* Main.storyboard */ = {
			isa = PBXVariantGroup;
			children = (
				824ADE4123DB26CB00647213 /* Base */,
			);
			name = Main.storyboard;
			sourceTree = "<group>";
		};
		824ADE4523DB26CE00647213 /* LaunchScreen.storyboard */ = {
			isa = PBXVariantGroup;
			children = (
				824ADE4623DB26CE00647213 /* Base */,
			);
			name = LaunchScreen.storyboard;
			sourceTree = "<group>";
		};
/* End PBXVariantGroup section */

/* Begin XCBuildConfiguration section */
		824ADE4923DB26CE00647213 /* Debug */ = {
			isa = XCBuildConfiguration;
			buildSettings = {
				ALWAYS_SEARCH_USER_PATHS = NO;
				CLANG_ANALYZER_NONNULL = YES;
				CLANG_ANALYZER_NUMBER_OBJECT_CONVERSION = YES_AGGRESSIVE;
				CLANG_CXX_LANGUAGE_STANDARD = "gnu++14";
				CLANG_CXX_LIBRARY = "libc++";
				CLANG_ENABLE_MODULES = YES;
				CLANG_ENABLE_OBJC_ARC = YES;
				CLANG_ENABLE_OBJC_WEAK = YES;
				CLANG_WARN_BLOCK_CAPTURE_AUTORELEASING = YES;
				CLANG_WARN_BOOL_CONVERSION = YES;
				CLANG_WARN_COMMA = YES;
				CLANG_WARN_CONSTANT_CONVERSION = YES;
				CLANG_WARN_DEPRECATED_OBJC_IMPLEMENTATIONS = YES;
				CLANG_WARN_DIRECT_OBJC_ISA_USAGE = YES_ERROR;
				CLANG_WARN_DOCUMENTATION_COMMENTS = YES;
				CLANG_WARN_EMPTY_BODY = YES;
				CLANG_WARN_ENUM_CONVERSION = YES;
				CLANG_WARN_INFINITE_RECURSION = YES;
				CLANG_WARN_INT_CONVERSION = YES;
				CLANG_WARN_NON_LITERAL_NULL_CONVERSION = YES;
				CLANG_WARN_OBJC_IMPLICIT_RETAIN_SELF = YES;
				CLANG_WARN_OBJC_LITERAL_CONVERSION = YES;
				CLANG_WARN_OBJC_ROOT_CLASS = YES_ERROR;
				CLANG_WARN_RANGE_LOOP_ANALYSIS = YES;
				CLANG_WARN_STRICT_PROTOTYPES = YES;
				CLANG_WARN_SUSPICIOUS_MOVE = YES;
				CLANG_WARN_UNGUARDED_AVAILABILITY = YES_AGGRESSIVE;
				CLANG_WARN_UNREACHABLE_CODE = YES;
				CLANG_WARN__DUPLICATE_METHOD_MATCH = YES;
				COPY_PHASE_STRIP = NO;
				DEBUG_INFORMATION_FORMAT = dwarf;
				ENABLE_STRICT_OBJC_MSGSEND = YES;
				ENABLE_TESTABILITY = YES;
				GCC_C_LANGUAGE_STANDARD = gnu11;
				GCC_DYNAMIC_NO_PIC = NO;
				GCC_NO_COMMON_BLOCKS = YES;
				GCC_OPTIMIZATION_LEVEL = 0;
				GCC_PREPROCESSOR_DEFINITIONS = (
					"DEBUG=1",
					"$(inherited)",
				);
				GCC_WARN_64_TO_32_BIT_CONVERSION = YES;
				GCC_WARN_ABOUT_RETURN_TYPE = YES_ERROR;
				GCC_WARN_UNDECLARED_SELECTOR = YES;
				GCC_WARN_UNINITIALIZED_AUTOS = YES_AGGRESSIVE;
				GCC_WARN_UNUSED_FUNCTION = YES;
				GCC_WARN_UNUSED_VARIABLE = YES;
				IPHONEOS_DEPLOYMENT_TARGET = 13.2;
				MTL_ENABLE_DEBUG_INFO = INCLUDE_SOURCE;
				MTL_FAST_MATH = YES;
				ONLY_ACTIVE_ARCH = YES;
				SDKROOT = iphoneos;
				SWIFT_ACTIVE_COMPILATION_CONDITIONS = DEBUG;
				SWIFT_OPTIMIZATION_LEVEL = "-Onone";
			};
			name = Debug;
		};
		824ADE4A23DB26CE00647213 /* Release */ = {
			isa = XCBuildConfiguration;
			buildSettings = {
				ALWAYS_SEARCH_USER_PATHS = NO;
				CLANG_ANALYZER_NONNULL = YES;
				CLANG_ANALYZER_NUMBER_OBJECT_CONVERSION = YES_AGGRESSIVE;
				CLANG_CXX_LANGUAGE_STANDARD = "gnu++14";
				CLANG_CXX_LIBRARY = "libc++";
				CLANG_ENABLE_MODULES = YES;
				CLANG_ENABLE_OBJC_ARC = YES;
				CLANG_ENABLE_OBJC_WEAK = YES;
				CLANG_WARN_BLOCK_CAPTURE_AUTORELEASING = YES;
				CLANG_WARN_BOOL_CONVERSION = YES;
				CLANG_WARN_COMMA = YES;
				CLANG_WARN_CONSTANT_CONVERSION = YES;
				CLANG_WARN_DEPRECATED_OBJC_IMPLEMENTATIONS = YES;
				CLANG_WARN_DIRECT_OBJC_ISA_USAGE = YES_ERROR;
				CLANG_WARN_DOCUMENTATION_COMMENTS = YES;
				CLANG_WARN_EMPTY_BODY = YES;
				CLANG_WARN_ENUM_CONVERSION = YES;
				CLANG_WARN_INFINITE_RECURSION = YES;
				CLANG_WARN_INT_CONVERSION = YES;
				CLANG_WARN_NON_LITERAL_NULL_CONVERSION = YES;
				CLANG_WARN_OBJC_IMPLICIT_RETAIN_SELF = YES;
				CLANG_WARN_OBJC_LITERAL_CONVERSION = YES;
				CLANG_WARN_OBJC_ROOT_CLASS = YES_ERROR;
				CLANG_WARN_RANGE_LOOP_ANALYSIS = YES;
				CLANG_WARN_STRICT_PROTOTYPES = YES;
				CLANG_WARN_SUSPICIOUS_MOVE = YES;
				CLANG_WARN_UNGUARDED_AVAILABILITY = YES_AGGRESSIVE;
				CLANG_WARN_UNREACHABLE_CODE = YES;
				CLANG_WARN__DUPLICATE_METHOD_MATCH = YES;
				COPY_PHASE_STRIP = NO;
				DEBUG_INFORMATION_FORMAT = "dwarf-with-dsym";
				ENABLE_NS_ASSERTIONS = NO;
				ENABLE_STRICT_OBJC_MSGSEND = YES;
				GCC_C_LANGUAGE_STANDARD = gnu11;
				GCC_NO_COMMON_BLOCKS = YES;
				GCC_WARN_64_TO_32_BIT_CONVERSION = YES;
				GCC_WARN_ABOUT_RETURN_TYPE = YES_ERROR;
				GCC_WARN_UNDECLARED_SELECTOR = YES;
				GCC_WARN_UNINITIALIZED_AUTOS = YES_AGGRESSIVE;
				GCC_WARN_UNUSED_FUNCTION = YES;
				GCC_WARN_UNUSED_VARIABLE = YES;
				IPHONEOS_DEPLOYMENT_TARGET = 13.2;
				MTL_ENABLE_DEBUG_INFO = NO;
				MTL_FAST_MATH = YES;
				SDKROOT = iphoneos;
				SWIFT_COMPILATION_MODE = wholemodule;
				SWIFT_OPTIMIZATION_LEVEL = "-O";
				VALIDATE_PRODUCT = YES;
			};
			name = Release;
		};
		824ADE4C23DB26CE00647213 /* Debug */ = {
			isa = XCBuildConfiguration;
			buildSettings = {
				ASSETCATALOG_COMPILER_APPICON_NAME = AppIcon;
				CODE_SIGN_STYLE = Automatic;
				INFOPLIST_FILE = RandomProject/Info.plist;
				LD_RUNPATH_SEARCH_PATHS = (
					"$(inherited)",
					"@executable_path/Frameworks",
				);
				PRODUCT_BUNDLE_IDENTIFIER = com.jungwon.RandomProject;
				PRODUCT_NAME = "$(TARGET_NAME)";
				SWIFT_VERSION = 5.0;
				TARGETED_DEVICE_FAMILY = 1;
			};
			name = Debug;
		};
		824ADE4D23DB26CE00647213 /* Release */ = {
			isa = XCBuildConfiguration;
			buildSettings = {
				ASSETCATALOG_COMPILER_APPICON_NAME = AppIcon;
				CODE_SIGN_STYLE = Automatic;
				INFOPLIST_FILE = RandomProject/Info.plist;
				LD_RUNPATH_SEARCH_PATHS = (
					"$(inherited)",
					"@executable_path/Frameworks",
				);
				PRODUCT_BUNDLE_IDENTIFIER = com.jungwon.RandomProject;
				PRODUCT_NAME = "$(TARGET_NAME)";
				SWIFT_VERSION = 5.0;
				TARGETED_DEVICE_FAMILY = 1;
			};
			name = Release;
		};
/* End XCBuildConfiguration section */

/* Begin XCConfigurationList section */
		824ADE3223DB26CB00647213 /* Build configuration list for PBXProject "RandomProject" */ = {
			isa = XCConfigurationList;
			buildConfigurations = (
				824ADE4923DB26CE00647213 /* Debug */,
				824ADE4A23DB26CE00647213 /* Release */,
			);
			defaultConfigurationIsVisible = 0;
			defaultConfigurationName = Release;
		};
		824ADE4B23DB26CE00647213 /* Build configuration list for PBXNativeTarget "RandomProject" */ = {
			isa = XCConfigurationList;
			buildConfigurations = (
				824ADE4C23DB26CE00647213 /* Debug */,
				824ADE4D23DB26CE00647213 /* Release */,
			);
			defaultConfigurationIsVisible = 0;
			defaultConfigurationName = Release;
		};
/* End XCConfigurationList section */
	};
	rootObject = 824ADE2F23DB26CB00647213 /* Project object */;
}
